
Microsoft Visual Studio Solution File, Format Version 12.00
# Visual Studio Version 16
VisualStudioVersion = 16.0.34407.143
MinimumVisualStudioVersion = 10.0.40219.1
Project("{FAE04EC0-301F-11D3-BF4B-00C04F79EFBC}") = "UnitTestGosuslugiTest", "UnitTestGosuslugiTest\UnitTestGosuslugiTest.csproj", "{53398E5C-A4D6-4AA4-BD45-B1DD539A5B22}"
EndProject
Global
	GlobalSection(SolutionConfigurationPlatforms) = preSolution
		Debug|Any CPU = Debug|Any CPU
		Release|Any CPU = Release|Any CPU
	EndGlobalSection
	GlobalSection(ProjectConfigurationPlatforms) = postSolution
		{53398E5C-A4D6-4AA4-BD45-B1DD539A5B22}.Debug|Any CPU.ActiveCfg = Debug|Any CPU
		{53398E5C-A4D6-4AA4-BD45-B1DD539A5B22}.Debug|Any CPU.Build.0 = Debug|Any CPU
		{53398E5C-A4D6-4AA4-BD45-B1DD539A5B22}.Release|Any CPU.ActiveCfg = Release|Any CPU
		{53398E5C-A4D6-4AA4-BD45-B1DD539A5B22}.Release|Any CPU.Build.0 = Release|Any CPU
	EndGlobalSection
	GlobalSection(SolutionProperties) = preSolution
		HideSolutionNode = FALSE
	EndGlobalSection
	GlobalSection(ExtensibilityGlobals) = postSolution
		SolutionGuid = {D30AA47F-63EC-41DD-8FD3-11BDD276BAB5}
	EndGlobalSection
EndGlobal
